
Microsoft Visual Studio Solution File, Format Version 12.00
# Visual Studio Version 17
VisualStudioVersion = 17.8.34330.188
MinimumVisualStudioVersion = 10.0.40219.1
Project("{FAE04EC0-301F-11D3-BF4B-00C04F79EFBC}") = "XamarinExample.Android", "XamarinExample\XamarinExample.Android\XamarinExample.Android.csproj", "{046A8EA6-AA93-421F-A065-3EA6F0D4738E}"
EndProject
Project("{FAE04EC0-301F-11D3-BF4B-00C04F79EFBC}") = "XamarinExample.iOS", "XamarinExample\XamarinExample.iOS\XamarinExample.iOS.csproj", "{BF9FD49D-F975-4EBA-B04E-516F087AE36E}"
EndProject
Project("{FAE04EC0-301F-11D3-BF4B-00C04F79EFBC}") = "XamarinExample", "XamarinExample\XamarinExample\XamarinExample.csproj", "{7B903204-9A6C-402E-9A03-B6A22AD81C9A}"
EndProject
Global
	GlobalSection(SolutionConfigurationPlatforms) = preSolution
		Debug|Any CPU = Debug|Any CPU
		Debug|iPhone = Debug|iPhone
		Debug|iPhoneSimulator = Debug|iPhoneSimulator
		Release|Any CPU = Release|Any CPU
		Release|iPhone = Release|iPhone
		Release|iPhoneSimulator = Release|iPhoneSimulator
	EndGlobalSection
	GlobalSection(ProjectConfigurationPlatforms) = postSolution
		{046A8EA6-AA93-421F-A065-3EA6F0D4738E}.Debug|Any CPU.ActiveCfg = Debug|Any CPU
		{046A8EA6-AA93-421F-A065-3EA6F0D4738E}.Debug|Any CPU.Build.0 = Debug|Any CPU
		{046A8EA6-AA93-421F-A065-3EA6F0D4738E}.Debug|Any CPU.Deploy.0 = Debug|Any CPU
		{046A8EA6-AA93-421F-A065-3EA6F0D4738E}.Debug|iPhone.ActiveCfg = Debug|Any CPU
		{046A8EA6-AA93-421F-A065-3EA6F0D4738E}.Debug|iPhone.Build.0 = Debug|Any CPU
		{046A8EA6-AA93-421F-A065-3EA6F0D4738E}.Debug|iPhone.Deploy.0 = Debug|Any CPU
		{046A8EA6-AA93-421F-A065-3EA6F0D4738E}.Debug|iPhoneSimulator.ActiveCfg = Debug|Any CPU
		{046A8EA6-AA93-421F-A065-3EA6F0D4738E}.Debug|iPhoneSimulator.Build.0 = Debug|Any CPU
		{046A8EA6-AA93-421F-A065-3EA6F0D4738E}.Debug|iPhoneSimulator.Deploy.0 = Debug|Any CPU
		{046A8EA6-AA93-421F-A065-3EA6F0D4738E}.Release|Any CPU.ActiveCfg = Release|Any CPU
		{046A8EA6-AA93-421F-A065-3EA6F0D4738E}.Release|Any CPU.Build.0 = Release|Any CPU
		{046A8EA6-AA93-421F-A065-3EA6F0D4738E}.Release|Any CPU.Deploy.0 = Release|Any CPU
		{046A8EA6-AA93-421F-A065-3EA6F0D4738E}.Release|iPhone.ActiveCfg = Release|Any CPU
		{046A8EA6-AA93-421F-A065-3EA6F0D4738E}.Release|iPhone.Build.0 = Release|Any CPU
		{046A8EA6-AA93-421F-A065-3EA6F0D4738E}.Release|iPhone.Deploy.0 = Release|Any CPU
		{046A8EA6-AA93-421F-A065-3EA6F0D4738E}.Release|iPhoneSimulator.ActiveCfg = Release|Any CPU
		{046A8EA6-AA93-421F-A065-3EA6F0D4738E}.Release|iPhoneSimulator.Build.0 = Release|Any CPU
		{046A8EA6-AA93-421F-A065-3EA6F0D4738E}.Release|iPhoneSimulator.Deploy.0 = Release|Any CPU
		{BF9FD49D-F975-4EBA-B04E-516F087AE36E}.Debug|Any CPU.ActiveCfg = Debug|iPhone
		{BF9FD49D-F975-4EBA-B04E-516F087AE36E}.Debug|Any CPU.Build.0 = Debug|iPhone
		{BF9FD49D-F975-4EBA-B04E-516F087AE36E}.Debug|Any CPU.Deploy.0 = Debug|iPhone
		{BF9FD49D-F975-4EBA-B04E-516F087AE36E}.Debug|iPhone.ActiveCfg = Debug|iPhone
		{BF9FD49D-F975-4EBA-B04E-516F087AE36E}.Debug|iPhone.Build.0 = Debug|iPhone
		{BF9FD49D-F975-4EBA-B04E-516F087AE36E}.Debug|iPhone.Deploy.0 = Debug|iPhone
		{BF9FD49D-F975-4EBA-B04E-516F087AE36E}.Debug|iPhoneSimulator.ActiveCfg = Debug|iPhoneSimulator
		{BF9FD49D-F975-4EBA-B04E-516F087AE36E}.Debug|iPhoneSimulator.Build.0 = Debug|iPhoneSimulator
		{BF9FD49D-F975-4EBA-B04E-516F087AE36E}.Debug|iPhoneSimulator.Deploy.0 = Debug|iPhoneSimulator
		{BF9FD49D-F975-4EBA-B04E-516F087AE36E}.Release|Any CPU.ActiveCfg = Release|iPhoneSimulator
		{BF9FD49D-F975-4EBA-B04E-516F087AE36E}.Release|Any CPU.Build.0 = Release|iPhoneSimulator
		{BF9FD49D-F975-4EBA-B04E-516F087AE36E}.Release|Any CPU.Deploy.0 = Release|iPhoneSimulator
		{BF9FD49D-F975-4EBA-B04E-516F087AE36E}.Release|iPhone.ActiveCfg = Release|iPhone
		{BF9FD49D-F975-4EBA-B04E-516F087AE36E}.Release|iPhone.Build.0 = Release|iPhone
		{BF9FD49D-F975-4EBA-B04E-516F087AE36E}.Release|iPhone.Deploy.0 = Release|iPhone
		{BF9FD49D-F975-4EBA-B04E-516F087AE36E}.Release|iPhoneSimulator.ActiveCfg = Release|iPhoneSimulator
		{BF9FD49D-F975-4EBA-B04E-516F087AE36E}.Release|iPhoneSimulator.Build.0 = Release|iPhoneSimulator
		{BF9FD49D-F975-4EBA-B04E-516F087AE36E}.Release|iPhoneSimulator.Deploy.0 = Release|iPhoneSimulator
		{7B903204-9A6C-402E-9A03-B6A22AD81C9A}.Debug|Any CPU.ActiveCfg = Debug|Any CPU
		{7B903204-9A6C-402E-9A03-B6A22AD81C9A}.Debug|Any CPU.Build.0 = Debug|Any CPU
		{7B903204-9A6C-402E-9A03-B6A22AD81C9A}.Debug|Any CPU.Deploy.0 = Debug|Any CPU
		{7B903204-9A6C-402E-9A03-B6A22AD81C9A}.Debug|iPhone.ActiveCfg = Debug|Any CPU
		{7B903204-9A6C-402E-9A03-B6A22AD81C9A}.Debug|iPhone.Build.0 = Debug|Any CPU
		{7B903204-9A6C-402E-9A03-B6A22AD81C9A}.Debug|iPhone.Deploy.0 = Debug|Any CPU
		{7B903204-9A6C-402E-9A03-B6A22AD81C9A}.Debug|iPhoneSimulator.ActiveCfg = Debug|Any CPU
		{7B903204-9A6C-402E-9A03-B6A22AD81C9A}.Debug|iPhoneSimulator.Build.0 = Debug|Any CPU
		{7B903204-9A6C-402E-9A03-B6A22AD81C9A}.Debug|iPhoneSimulator.Deploy.0 = Debug|Any CPU
		{7B903204-9A6C-402E-9A03-B6A22AD81C9A}.Release|Any CPU.ActiveCfg = Release|Any CPU
		{7B903204-9A6C-402E-9A03-B6A22AD81C9A}.Release|Any CPU.Build.0 = Release|Any CPU
		{7B903204-9A6C-402E-9A03-B6A22AD81C9A}.Release|Any CPU.Deploy.0 = Release|Any CPU
		{7B903204-9A6C-402E-9A03-B6A22AD81C9A}.Release|iPhone.ActiveCfg = Release|Any CPU
		{7B903204-9A6C-402E-9A03-B6A22AD81C9A}.Release|iPhone.Build.0 = Release|Any CPU
		{7B903204-9A6C-402E-9A03-B6A22AD81C9A}.Release|iPhone.Deploy.0 = Release|Any CPU
		{7B903204-9A6C-402E-9A03-B6A22AD81C9A}.Release|iPhoneSimulator.ActiveCfg = Release|Any CPU
		{7B903204-9A6C-402E-9A03-B6A22AD81C9A}.Release|iPhoneSimulator.Build.0 = Release|Any CPU
		{7B903204-9A6C-402E-9A03-B6A22AD81C9A}.Release|iPhoneSimulator.Deploy.0 = Release|Any CPU
	EndGlobalSection
	GlobalSection(SolutionProperties) = preSolution
		HideSolutionNode = FALSE
	EndGlobalSection
	GlobalSection(ExtensibilityGlobals) = postSolution
		SolutionGuid = {69154DF8-7874-44B1-B204-DCEDDDA8C61D}
	EndGlobalSection
EndGlobal
